
Microsoft Visual Studio Solution File, Format Version 12.00
# Visual Studio 15
VisualStudioVersion = 15.0.27130.2024
MinimumVisualStudioVersion = 10.0.40219.1
Project("{FAE04EC0-301F-11D3-BF4B-00C04F79EFBC}") = "Simple calculator", "ConsoleApp1\Simple calculator.csproj", "{8F28B4CE-58F1-455B-8DFE-A744C65694B0}"
EndProject
Project("{FAE04EC0-301F-11D3-BF4B-00C04F79EFBC}") = "Fahrenheit Converter", "ConsoleApp2\Fahrenheit Converter.csproj", "{C2A5570D-E9A5-4A13-9552-45E7E155B67B}"
EndProject
Project("{FAE04EC0-301F-11D3-BF4B-00C04F79EFBC}") = "EURO naar USD", "ConsoleApp3\EURO naar USD.csproj", "{3F2F51DA-5882-4CF9-BDEE-5B7A9C04C9E5}"
EndProject
Project("{FAE04EC0-301F-11D3-BF4B-00C04F79EFBC}") = "ConsoleApp4", "ConsoleApp4\ConsoleApp4.csproj", "{F22E1717-293C-4671-A724-B72536A7A4B4}"
EndProject
Project("{FAE04EC0-301F-11D3-BF4B-00C04F79EFBC}") = "Receipt C-sharp version", "Receipt C-sharp version\Receipt C-sharp version.csproj", "{BA086048-148C-459E-8702-6736230EE2A1}"
EndProject
Project("{FAE04EC0-301F-11D3-BF4B-00C04F79EFBC}") = "Jokes", "Jokes\Jokes.csproj", "{BF0A1EBF-4815-4495-91B4-F23B1C22CD57}"
EndProject
Global
	GlobalSection(SolutionConfigurationPlatforms) = preSolution
		Debug|Any CPU = Debug|Any CPU
		Release|Any CPU = Release|Any CPU
	EndGlobalSection
	GlobalSection(ProjectConfigurationPlatforms) = postSolution
		{8F28B4CE-58F1-455B-8DFE-A744C65694B0}.Debug|Any CPU.ActiveCfg = Debug|Any CPU
		{8F28B4CE-58F1-455B-8DFE-A744C65694B0}.Debug|Any CPU.Build.0 = Debug|Any CPU
		{8F28B4CE-58F1-455B-8DFE-A744C65694B0}.Release|Any CPU.ActiveCfg = Release|Any CPU
		{8F28B4CE-58F1-455B-8DFE-A744C65694B0}.Release|Any CPU.Build.0 = Release|Any CPU
		{C2A5570D-E9A5-4A13-9552-45E7E155B67B}.Debug|Any CPU.ActiveCfg = Debug|Any CPU
		{C2A5570D-E9A5-4A13-9552-45E7E155B67B}.Debug|Any CPU.Build.0 = Debug|Any CPU
		{C2A5570D-E9A5-4A13-9552-45E7E155B67B}.Release|Any CPU.ActiveCfg = Release|Any CPU
		{C2A5570D-E9A5-4A13-9552-45E7E155B67B}.Release|Any CPU.Build.0 = Release|Any CPU
		{3F2F51DA-5882-4CF9-BDEE-5B7A9C04C9E5}.Debug|Any CPU.ActiveCfg = Debug|Any CPU
		{3F2F51DA-5882-4CF9-BDEE-5B7A9C04C9E5}.Debug|Any CPU.Build.0 = Debug|Any CPU
		{3F2F51DA-5882-4CF9-BDEE-5B7A9C04C9E5}.Release|Any CPU.ActiveCfg = Release|Any CPU
		{3F2F51DA-5882-4CF9-BDEE-5B7A9C04C9E5}.Release|Any CPU.Build.0 = Release|Any CPU
		{F22E1717-293C-4671-A724-B72536A7A4B4}.Debug|Any CPU.ActiveCfg = Debug|Any CPU
		{F22E1717-293C-4671-A724-B72536A7A4B4}.Debug|Any CPU.Build.0 = Debug|Any CPU
		{F22E1717-293C-4671-A724-B72536A7A4B4}.Release|Any CPU.ActiveCfg = Release|Any CPU
		{F22E1717-293C-4671-A724-B72536A7A4B4}.Release|Any CPU.Build.0 = Release|Any CPU
		{BA086048-148C-459E-8702-6736230EE2A1}.Debug|Any CPU.ActiveCfg = Debug|Any CPU
		{BA086048-148C-459E-8702-6736230EE2A1}.Debug|Any CPU.Build.0 = Debug|Any CPU
		{BA086048-148C-459E-8702-6736230EE2A1}.Release|Any CPU.ActiveCfg = Release|Any CPU
		{BA086048-148C-459E-8702-6736230EE2A1}.Release|Any CPU.Build.0 = Release|Any CPU
		{BF0A1EBF-4815-4495-91B4-F23B1C22CD57}.Debug|Any CPU.ActiveCfg = Debug|Any CPU
		{BF0A1EBF-4815-4495-91B4-F23B1C22CD57}.Debug|Any CPU.Build.0 = Debug|Any CPU
		{BF0A1EBF-4815-4495-91B4-F23B1C22CD57}.Release|Any CPU.ActiveCfg = Release|Any CPU
		{BF0A1EBF-4815-4495-91B4-F23B1C22CD57}.Release|Any CPU.Build.0 = Release|Any CPU
	EndGlobalSection
	GlobalSection(SolutionProperties) = preSolution
		HideSolutionNode = FALSE
	EndGlobalSection
	GlobalSection(ExtensibilityGlobals) = postSolution
		SolutionGuid = {8849ACF7-B0E8-4C9D-B3BE-6ABBB5C20AFE}
	EndGlobalSection
EndGlobal
